
Microsoft Visual Studio Solution File, Format Version 12.00
# Visual Studio 14
VisualStudioVersion = 14.0.23107.0
MinimumVisualStudioVersion = 10.0.40219.1
Project("{FAE04EC0-301F-11D3-BF4B-00C04F79EFBC}") = "VolumeFeedback", "VolumeFeedback\VolumeFeedback.csproj", "{AE8C69B1-B237-4AFE-8004-572D64F8DE77}"
EndProject
Project("{54435603-DBB4-11D2-8724-00A0C9A8B90C}") = "VolumeFeedbackSetup", "VolumeFeedbackSetup\VolumeFeedbackSetup.vdproj", "{A5B9EAC4-6123-49FE-BA60-D8D9D8F59A11}"
EndProject
Global
	GlobalSection(SolutionConfigurationPlatforms) = preSolution
		Debug|Any CPU = Debug|Any CPU
		Release|Any CPU = Release|Any CPU
	EndGlobalSection
	GlobalSection(ProjectConfigurationPlatforms) = postSolution
		{AE8C69B1-B237-4AFE-8004-572D64F8DE77}.Debug|Any CPU.ActiveCfg = Debug|Any CPU
		{AE8C69B1-B237-4AFE-8004-572D64F8DE77}.Debug|Any CPU.Build.0 = Debug|Any CPU
		{AE8C69B1-B237-4AFE-8004-572D64F8DE77}.Release|Any CPU.ActiveCfg = Release|Any CPU
		{AE8C69B1-B237-4AFE-8004-572D64F8DE77}.Release|Any CPU.Build.0 = Release|Any CPU
		{A5B9EAC4-6123-49FE-BA60-D8D9D8F59A11}.Debug|Any CPU.ActiveCfg = Debug
		{A5B9EAC4-6123-49FE-BA60-D8D9D8F59A11}.Release|Any CPU.ActiveCfg = Release
	EndGlobalSection
	GlobalSection(SolutionProperties) = preSolution
		HideSolutionNode = FALSE
	EndGlobalSection
EndGlobal
